
Microsoft Visual Studio Solution File, Format Version 12.00
# Visual Studio 15
VisualStudioVersion = 15.0.28010.2041
MinimumVisualStudioVersion = 10.0.40219.1
Project("{9A19103F-16F7-4668-BE54-9A1E7A4F7556}") = "AuctionSite.Api", "AuctionSite.Api\AuctionSite.Api.csproj", "{B597CF52-D070-404E-933A-B866D4BAF033}"
EndProject
Project("{2150E333-8FDC-42A3-9474-1A3956D46DE8}") = "Solution Items", "Solution Items", "{32A83EB5-1227-4CBF-AB8C-9883EC95A48C}"
	ProjectSection(SolutionItems) = preProject
		.gitignore = .gitignore
		README.md = README.md
	EndProjectSection
EndProject
Global
	GlobalSection(SolutionConfigurationPlatforms) = preSolution
		Debug|Any CPU = Debug|Any CPU
		Release|Any CPU = Release|Any CPU
	EndGlobalSection
	GlobalSection(ProjectConfigurationPlatforms) = postSolution
		{B597CF52-D070-404E-933A-B866D4BAF033}.Debug|Any CPU.ActiveCfg = Debug|Any CPU
		{B597CF52-D070-404E-933A-B866D4BAF033}.Debug|Any CPU.Build.0 = Debug|Any CPU
		{B597CF52-D070-404E-933A-B866D4BAF033}.Release|Any CPU.ActiveCfg = Release|Any CPU
		{B597CF52-D070-404E-933A-B866D4BAF033}.Release|Any CPU.Build.0 = Release|Any CPU
	EndGlobalSection
	GlobalSection(SolutionProperties) = preSolution
		HideSolutionNode = FALSE
	EndGlobalSection
	GlobalSection(ExtensibilityGlobals) = postSolution
		SolutionGuid = {3E1E626E-0039-4EAF-8CA1-FAAA5CF1A87D}
	EndGlobalSection
EndGlobal
